
Microsoft Visual Studio Solution File, Format Version 12.00
# Visual Studio Version 16
VisualStudioVersion = 16.0.31019.35
MinimumVisualStudioVersion = 10.0.40219.1
Project("{FAE04EC0-301F-11D3-BF4B-00C04F79EFBC}") = "ClassMetotDemo", "ClassMetotDemo\ClassMetotDemo.csproj", "{A2B7F661-99D3-46F9-9CBA-E3FFFE69CE0B}"
EndProject
Global
	GlobalSection(SolutionConfigurationPlatforms) = preSolution
		Debug|Any CPU = Debug|Any CPU
		Release|Any CPU = Release|Any CPU
	EndGlobalSection
	GlobalSection(ProjectConfigurationPlatforms) = postSolution
		{A2B7F661-99D3-46F9-9CBA-E3FFFE69CE0B}.Debug|Any CPU.ActiveCfg = Debug|Any CPU
		{A2B7F661-99D3-46F9-9CBA-E3FFFE69CE0B}.Debug|Any CPU.Build.0 = Debug|Any CPU
		{A2B7F661-99D3-46F9-9CBA-E3FFFE69CE0B}.Release|Any CPU.ActiveCfg = Release|Any CPU
		{A2B7F661-99D3-46F9-9CBA-E3FFFE69CE0B}.Release|Any CPU.Build.0 = Release|Any CPU
	EndGlobalSection
	GlobalSection(SolutionProperties) = preSolution
		HideSolutionNode = FALSE
	EndGlobalSection
	GlobalSection(ExtensibilityGlobals) = postSolution
		SolutionGuid = {1ECF2102-7C7A-49E7-B803-16E3957DF962}
	EndGlobalSection
EndGlobal
